<?xml version="1.0" encoding="utf-8"?>
<Project ToolsVersion="4.0" xmlns="http://schemas.microsoft.com/developer/msbuild/2003">
  <ItemGroup>
    <Filter Include="Source Files">
      <UniqueIdentifier>{4FC737F1-C7A5-4376-A066-2A32D752A2FF}</UniqueIdentifier>
      <Extensions>cpp;c;cc;cxx;def;odl;idl;hpj;bat;asm;asmx</Extensions>
    </Filter>
    <Filter Include="Header Files">
      <UniqueIdentifier>{93995380-89BD-4b04-88EB-625FBE52EBFB}</UniqueIdentifier>
      <Extensions>h;hh;hpp;hxx;hm;inl;inc;xsd</Extensions>
    </Filter>
    <Filter Include="Resource Files">
      <UniqueIdentifier>{67DA6AB6-F800-4c08-8B7A-83BB121AAD01}</UniqueIdentifier>
      <Extensions>rc;ico;cur;bmp;dlg;rc2;rct;bin;rgs;gif;jpg;jpeg;jpe;resx;tiff;tif;png;wav;mfcribbon-ms</Extensions>
    </Filter>
  </ItemGroup>
  <ItemGroup>
    <ClInclude Include="..\PantherGUI\control.h">
      <Filter>Header Files</Filter>
    </ClInclude>
    <ClInclude Include="..\PantherGUI\cursor.h">
      <Filter>Header Files</Filter>
    </ClInclude>
    <ClInclude Include="..\PantherGUI\encoding.h">
      <Filter>Header Files</Filter>
    </ClInclude>
    <ClInclude Include="..\PantherGUI\main.h">
      <Filter>Header Files</Filter>
    </ClInclude>
    <ClInclude Include="..\PantherGUI\mmap.h">
      <Filter>Header Files</Filter>
    </ClInclude>
    <ClInclude Include="..\PantherGUI\text.h">
      <Filter>Header Files</Filter>
    </ClInclude>
    <ClInclude Include="..\PantherGUI\textdelta.h">
      <Filter>Header Files</Filter>
    </ClInclude>
    <ClInclude Include="..\PantherGUI\textfield.h">
      <Filter>Header Files</Filter>
    </ClInclude>
    <ClInclude Include="..\PantherGUI\textfile.h">
      <Filter>Header Files</Filter>
    </ClInclude>
    <ClInclude Include="..\PantherGUI\textline.h">
      <Filter>Header Files</Filter>
    </ClInclude>
    <ClInclude Include="..\PantherGUI\utils.h">
      <Filter>Header Files</Filter>
    </ClInclude>
    <ClInclude Include="..\PantherGUI\windowfunctions.h">
      <Filter>Header Files</Filter>
    </ClInclude>
    <ClInclude Include="tester.h">
      <Filter>Header Files</Filter>
    </ClInclude>
    <ClInclude Include="..\PantherGUI\logger.h">
      <Filter>Header Files</Filter>
    </ClInclude>
    <ClInclude Include="..\PantherGUI\blockingconcurrentqueue.h">
      <Filter>Header Files</Filter>
    </ClInclude>
    <ClInclude Include="..\PantherGUI\c.h">
      <Filter>Header Files</Filter>
    </ClInclude>
    <ClInclude Include="..\PantherGUI\concurrentqueue.h">
      <Filter>Header Files</Filter>
    </ClInclude>
    <ClInclude Include="..\PantherGUI\keywords.h">
      <Filter>Header Files</Filter>
    </ClInclude>
    <ClInclude Include="..\PantherGUI\scheduler.h">
      <Filter>Header Files</Filter>
    </ClInclude>
    <ClInclude Include="..\PantherGUI\syntax.h">
      <Filter>Header Files</Filter>
    </ClInclude>
    <ClInclude Include="..\PantherGUI\syntaxhighlighter.h">
      <Filter>Header Files</Filter>
    </ClInclude>
    <ClInclude Include="..\PantherGUI\textblock.h">
      <Filter>Header Files</Filter>
    </ClInclude>
    <ClInclude Include="..\PantherGUI\thread.h">
      <Filter>Header Files</Filter>
    </ClInclude>
    <ClInclude Include="..\PantherGUI\xml.h">
      <Filter>Header Files</Filter>
    </ClInclude>
  </ItemGroup>
  <ItemGroup>
    <ClCompile Include="main.cpp">
      <Filter>Source Files</Filter>
    </ClCompile>
    <ClCompile Include="..\PantherGUI\control.cpp">
      <Filter>Source Files</Filter>
    </ClCompile>
    <ClCompile Include="..\PantherGUI\cursor.cpp">
      <Filter>Source Files</Filter>
    </ClCompile>
    <ClCompile Include="..\PantherGUI\mmap.cpp">
      <Filter>Source Files</Filter>
    </ClCompile>
    <ClCompile Include="..\PantherGUI\text.cpp">
      <Filter>Source Files</Filter>
    </ClCompile>
    <ClCompile Include="..\PantherGUI\textfield.cpp">
      <Filter>Source Files</Filter>
    </ClCompile>
    <ClCompile Include="..\PantherGUI\textfile.cpp">
      <Filter>Source Files</Filter>
    </ClCompile>
    <ClCompile Include="..\PantherGUI\textline.cpp">
      <Filter>Source Files</Filter>
    </ClCompile>
    <ClCompile Include="..\PantherGUI\windowfunctions.cpp">
      <Filter>Source Files</Filter>
    </ClCompile>
    <ClCompile Include="dummywindowfunctions.cpp">
      <Filter>Source Files</Filter>
    </ClCompile>
    <ClCompile Include="tester.cpp">
      <Filter>Source Files</Filter>
    </ClCompile>
    <ClCompile Include="..\PantherGUI\logger.cpp">
      <Filter>Source Files</Filter>
    </ClCompile>
    <ClCompile Include="..\PantherGUI\c.cpp">
      <Filter>Source Files</Filter>
    </ClCompile>
    <ClCompile Include="..\PantherGUI\keywords.cpp">
      <Filter>Source Files</Filter>
    </ClCompile>
    <ClCompile Include="..\PantherGUI\scheduler.cpp">
      <Filter>Source Files</Filter>
    </ClCompile>
    <ClCompile Include="..\PantherGUI\syntaxhighlighter.cpp">
      <Filter>Source Files</Filter>
    </ClCompile>
    <ClCompile Include="..\PantherGUI\thread.cpp">
      <Filter>Source Files</Filter>
    </ClCompile>
    <ClCompile Include="..\PantherGUI\xml.cpp">
      <Filter>Source Files</Filter>
    </ClCompile>
    <ClCompile Include="..\PantherGUI\file.cpp">
      <Filter>Source Files</Filter>
    </ClCompile>
  </ItemGroup>
</Project>