<?xml version="1.0" encoding="utf-8"?>
<Project ToolsVersion="4.0" xmlns="http://schemas.microsoft.com/developer/msbuild/2003">
  <ItemGroup>
    <Filter Include="Source Files">
      <UniqueIdentifier>{4FC737F1-C7A5-4376-A066-2A32D752A2FF}</UniqueIdentifier>
      <Extensions>cpp;c;cc;cxx;def;odl;idl;hpj;bat;asm;asmx</Extensions>
    </Filter>
    <Filter Include="Header Files">
      <UniqueIdentifier>{93995380-89BD-4b04-88EB-625FBE52EBFB}</UniqueIdentifier>
      <Extensions>h;hh;hpp;hxx;hm;inl;inc;xsd</Extensions>
    </Filter>
    <Filter Include="Header Files\files">
      <UniqueIdentifier>{0f80de18-9da6-41fb-84c6-b642e90a37cc}</UniqueIdentifier>
    </Filter>
    <Filter Include="Source Files\files">
      <UniqueIdentifier>{656a7db5-31a4-47bf-b540-63fb785e7882}</UniqueIdentifier>
    </Filter>
    <Filter Include="Header Files\os">
      <UniqueIdentifier>{ec6985e0-cc77-42bc-84f1-69ae908000f3}</UniqueIdentifier>
    </Filter>
    <Filter Include="Source Files\rust">
      <UniqueIdentifier>{a3a713bf-2a13-49af-818b-3e88b368d4ce}</UniqueIdentifier>
    </Filter>
    <Filter Include="Header Files\rust">
      <UniqueIdentifier>{8da6023b-dd58-402d-9426-7f42ba4cdcfa}</UniqueIdentifier>
    </Filter>
    <Filter Include="Source Files\settings">
      <UniqueIdentifier>{beffc2bb-f184-4a1b-88ff-5042e143b5ae}</UniqueIdentifier>
    </Filter>
    <Filter Include="Header Files\settings">
      <UniqueIdentifier>{3a8c4231-747c-47e0-932e-04adc7186e77}</UniqueIdentifier>
    </Filter>
    <Filter Include="Header Files\syntax">
      <UniqueIdentifier>{f29e3474-4b70-40d5-956a-a27d27377181}</UniqueIdentifier>
    </Filter>
    <Filter Include="Source Files\syntax">
      <UniqueIdentifier>{b99c7b97-d340-4f2e-b2f5-cab55b56b3ee}</UniqueIdentifier>
    </Filter>
    <Filter Include="Header Files\syntax\languages">
      <UniqueIdentifier>{bccfd1e8-a12b-4938-bcf8-d6dcb27c025f}</UniqueIdentifier>
    </Filter>
    <Filter Include="Source Files\syntax\languages">
      <UniqueIdentifier>{10b8a0bb-2ddb-468a-92a5-191c40b98404}</UniqueIdentifier>
    </Filter>
    <Filter Include="Header Files\testing">
      <UniqueIdentifier>{7bbfca4e-d1b7-45df-a122-57815e91bdc0}</UniqueIdentifier>
    </Filter>
    <Filter Include="Source Files\testing">
      <UniqueIdentifier>{93f6b74c-a506-4722-a346-743ca494ae66}</UniqueIdentifier>
    </Filter>
    <Filter Include="Header Files\text">
      <UniqueIdentifier>{a487c0b6-081d-4009-8299-0115b3273852}</UniqueIdentifier>
    </Filter>
    <Filter Include="Source Files\text">
      <UniqueIdentifier>{279894d2-9b23-402c-abf6-08a5e5ed1303}</UniqueIdentifier>
    </Filter>
    <Filter Include="Header Files\third_party">
      <UniqueIdentifier>{10ffdf4b-c77e-44ec-8204-6a8c5a8f021f}</UniqueIdentifier>
    </Filter>
    <Filter Include="Header Files\ui">
      <UniqueIdentifier>{0a33ad39-7ad6-456e-8185-6d5ca2b15b89}</UniqueIdentifier>
    </Filter>
    <Filter Include="Header Files\utils">
      <UniqueIdentifier>{41cce241-3152-4695-b0ec-c0a128c03b79}</UniqueIdentifier>
    </Filter>
    <Filter Include="Source Files\third_party">
      <UniqueIdentifier>{2b1c0348-6279-4b42-b735-a44872f4708f}</UniqueIdentifier>
    </Filter>
    <Filter Include="Source Files\ui">
      <UniqueIdentifier>{9f4e9e70-7570-47ed-ba13-0f752af18b22}</UniqueIdentifier>
    </Filter>
    <Filter Include="Source Files\utils">
      <UniqueIdentifier>{45fa9566-cdf2-4a13-aa02-88af3ff754b8}</UniqueIdentifier>
    </Filter>
    <Filter Include="Header Files\third_party\concurrent_queue">
      <UniqueIdentifier>{8c4b7816-f81a-4c7c-9eaf-86ce95687ef7}</UniqueIdentifier>
    </Filter>
    <Filter Include="Header Files\third_party\json">
      <UniqueIdentifier>{f07358c9-3d33-4a1b-bc5d-ff1398501fe5}</UniqueIdentifier>
    </Filter>
    <Filter Include="Header Files\third_party\re2">
      <UniqueIdentifier>{91d3c02a-70ff-4dc0-91e0-38f7b82f93da}</UniqueIdentifier>
    </Filter>
    <Filter Include="Header Files\third_party\re2\re2">
      <UniqueIdentifier>{646513c9-e648-451c-878f-6412e148ff90}</UniqueIdentifier>
    </Filter>
    <Filter Include="Header Files\third_party\re2\util">
      <UniqueIdentifier>{300957b6-d855-411b-8328-3cd27f07c371}</UniqueIdentifier>
    </Filter>
    <Filter Include="Source Files\third_party\re2">
      <UniqueIdentifier>{ab00655f-c4fb-4e66-a8be-4c33ecd84111}</UniqueIdentifier>
    </Filter>
    <Filter Include="Source Files\third_party\re2\re2">
      <UniqueIdentifier>{f0223c2e-2026-4cce-8acc-c5611c2e5daa}</UniqueIdentifier>
    </Filter>
    <Filter Include="Source Files\third_party\re2\util">
      <UniqueIdentifier>{429fa567-37a4-4866-9db3-2e84e870cbc5}</UniqueIdentifier>
    </Filter>
    <Filter Include="Header Files\ui\controls">
      <UniqueIdentifier>{2c0b88c0-1882-41d0-9a42-49d5481be599}</UniqueIdentifier>
    </Filter>
    <Filter Include="Header Files\ui\controls\basic">
      <UniqueIdentifier>{d765a2a8-8273-487f-8383-6759a425673d}</UniqueIdentifier>
    </Filter>
    <Filter Include="Header Files\ui\controls\main">
      <UniqueIdentifier>{ad78c061-c8c8-4e51-b4b7-1c32f4d5c1a1}</UniqueIdentifier>
    </Filter>
    <Filter Include="Header Files\ui\controls\textfield">
      <UniqueIdentifier>{67ecf335-c2d5-4c3f-a705-14c5a3b385ba}</UniqueIdentifier>
    </Filter>
    <Filter Include="Source Files\ui\controls">
      <UniqueIdentifier>{c5415c7c-2a0c-4310-9e03-11746c74b085}</UniqueIdentifier>
    </Filter>
    <Filter Include="Source Files\ui\controls\basic">
      <UniqueIdentifier>{cb61e2f7-82bb-456f-bff8-cd657c7859e4}</UniqueIdentifier>
    </Filter>
    <Filter Include="Source Files\ui\controls\main">
      <UniqueIdentifier>{f6592483-41d8-4aca-b372-dd81b0adbc21}</UniqueIdentifier>
    </Filter>
    <Filter Include="Source Files\ui\controls\textfield">
      <UniqueIdentifier>{1a742cc5-0d50-4126-9c36-76cf174da56e}</UniqueIdentifier>
    </Filter>
    <Filter Include="Source Files\os">
      <UniqueIdentifier>{c177c7e6-3108-4d1d-a869-5cc28c45ecee}</UniqueIdentifier>
    </Filter>
    <Filter Include="Resource Files">
      <UniqueIdentifier>{67DA6AB6-F800-4c08-8B7A-83BB121AAD01}</UniqueIdentifier>
      <Extensions>rc;ico;cur;bmp;dlg;rc2;rct;bin;rgs;gif;jpg;jpeg;jpe;resx;tiff;tif;png;wav;mfcribbon-ms</Extensions>
    </Filter>
  </ItemGroup>
  <ItemGroup>
    <ClInclude Include="files\directory.h">
      <Filter>Header Files\files</Filter>
    </ClInclude>
    <ClInclude Include="files\filemanager.h">
      <Filter>Header Files\files</Filter>
    </ClInclude>
    <ClInclude Include="files\mmap.h">
      <Filter>Header Files\files</Filter>
    </ClInclude>
    <ClInclude Include="os\windowfunctions.h">
      <Filter>Header Files\os</Filter>
    </ClInclude>
    <ClInclude Include="rust\include\rust\gitignore.h">
      <Filter>Header Files\rust</Filter>
    </ClInclude>
    <ClInclude Include="rust\include\rust\globset.h">
      <Filter>Header Files\rust</Filter>
    </ClInclude>
    <ClInclude Include="settings\default-settings.h">
      <Filter>Header Files\settings</Filter>
    </ClInclude>
    <ClInclude Include="settings\globalsettings.h">
      <Filter>Header Files\settings</Filter>
    </ClInclude>
    <ClInclude Include="settings\keybindings.h">
      <Filter>Header Files\settings</Filter>
    </ClInclude>
    <ClInclude Include="settings\settings.h">
      <Filter>Header Files\settings</Filter>
    </ClInclude>
    <ClInclude Include="settings\style.h">
      <Filter>Header Files\settings</Filter>
    </ClInclude>
    <ClInclude Include="settings\workspace.h">
      <Filter>Header Files\settings</Filter>
    </ClInclude>
    <ClInclude Include="syntax\languages\c.h">
      <Filter>Header Files\syntax\languages</Filter>
    </ClInclude>
    <ClInclude Include="syntax\languages\findresults.h">
      <Filter>Header Files\syntax\languages</Filter>
    </ClInclude>
    <ClInclude Include="syntax\languages\keywords.h">
      <Filter>Header Files\syntax\languages</Filter>
    </ClInclude>
    <ClInclude Include="syntax\languages\xml.h">
      <Filter>Header Files\syntax\languages</Filter>
    </ClInclude>
    <ClInclude Include="syntax\language.h">
      <Filter>Header Files\syntax</Filter>
    </ClInclude>
    <ClInclude Include="syntax\syntax.h">
      <Filter>Header Files\syntax</Filter>
    </ClInclude>
    <ClInclude Include="syntax\syntaxhighlighter.h">
      <Filter>Header Files\syntax</Filter>
    </ClInclude>
    <ClInclude Include="testing\replaymanager.h">
      <Filter>Header Files\testing</Filter>
    </ClInclude>
    <ClInclude Include="text\cursor.h">
      <Filter>Header Files\text</Filter>
    </ClInclude>
    <ClInclude Include="text\encoding.h">
      <Filter>Header Files\text</Filter>
    </ClInclude>
    <ClInclude Include="text\findtextmanager.h">
      <Filter>Header Files\text</Filter>
    </ClInclude>
    <ClInclude Include="text\regex.h">
      <Filter>Header Files\text</Filter>
    </ClInclude>
    <ClInclude Include="text\text.h">
      <Filter>Header Files\text</Filter>
    </ClInclude>
    <ClInclude Include="text\textbuffer.h">
      <Filter>Header Files\text</Filter>
    </ClInclude>
    <ClInclude Include="text\textdelta.h">
      <Filter>Header Files\text</Filter>
    </ClInclude>
    <ClInclude Include="text\textfile.h">
      <Filter>Header Files\text</Filter>
    </ClInclude>
    <ClInclude Include="text\textiterator.h">
      <Filter>Header Files\text</Filter>
    </ClInclude>
    <ClInclude Include="text\textline.h">
      <Filter>Header Files\text</Filter>
    </ClInclude>
    <ClInclude Include="text\textposition.h">
      <Filter>Header Files\text</Filter>
    </ClInclude>
    <ClInclude Include="text\unicode.h">
      <Filter>Header Files\text</Filter>
    </ClInclude>
    <ClInclude Include="text\wrappedtextiterator.h">
      <Filter>Header Files\text</Filter>
    </ClInclude>
    <ClInclude Include="third_party\concurrent_queue\blockingconcurrentqueue.h">
      <Filter>Header Files\third_party\concurrent_queue</Filter>
    </ClInclude>
    <ClInclude Include="third_party\concurrent_queue\concurrentqueue.h">
      <Filter>Header Files\third_party\concurrent_queue</Filter>
    </ClInclude>
    <ClInclude Include="third_party\json\json.h">
      <Filter>Header Files\third_party\json</Filter>
    </ClInclude>
    <ClInclude Include="third_party\re2\re2\bitmap256.h">
      <Filter>Header Files\third_party\re2\re2</Filter>
    </ClInclude>
    <ClInclude Include="third_party\re2\re2\filtered_re2.h">
      <Filter>Header Files\third_party\re2\re2</Filter>
    </ClInclude>
    <ClInclude Include="third_party\re2\re2\prefilter.h">
      <Filter>Header Files\third_party\re2\re2</Filter>
    </ClInclude>
    <ClInclude Include="third_party\re2\re2\prefilter_tree.h">
      <Filter>Header Files\third_party\re2\re2</Filter>
    </ClInclude>
    <ClInclude Include="third_party\re2\re2\prog.h">
      <Filter>Header Files\third_party\re2\re2</Filter>
    </ClInclude>
    <ClInclude Include="third_party\re2\re2\re2.h">
      <Filter>Header Files\third_party\re2\re2</Filter>
    </ClInclude>
    <ClInclude Include="third_party\re2\re2\regexp.h">
      <Filter>Header Files\third_party\re2\re2</Filter>
    </ClInclude>
    <ClInclude Include="third_party\re2\re2\set.h">
      <Filter>Header Files\third_party\re2\re2</Filter>
    </ClInclude>
    <ClInclude Include="third_party\re2\re2\stringpiece.h">
      <Filter>Header Files\third_party\re2\re2</Filter>
    </ClInclude>
    <ClInclude Include="third_party\re2\re2\unicode_casefold.h">
      <Filter>Header Files\third_party\re2\re2</Filter>
    </ClInclude>
    <ClInclude Include="third_party\re2\re2\unicode_groups.h">
      <Filter>Header Files\third_party\re2\re2</Filter>
    </ClInclude>
    <ClInclude Include="third_party\re2\re2\walker-inl.h">
      <Filter>Header Files\third_party\re2\re2</Filter>
    </ClInclude>
    <ClInclude Include="third_party\re2\util\flags.h">
      <Filter>Header Files\third_party\re2\util</Filter>
    </ClInclude>
    <ClInclude Include="third_party\re2\util\logging.h">
      <Filter>Header Files\third_party\re2\util</Filter>
    </ClInclude>
    <ClInclude Include="third_party\re2\util\mix.h">
      <Filter>Header Files\third_party\re2\util</Filter>
    </ClInclude>
    <ClInclude Include="third_party\re2\util\mutex.h">
      <Filter>Header Files\third_party\re2\util</Filter>
    </ClInclude>
    <ClInclude Include="third_party\re2\util\sparse_array.h">
      <Filter>Header Files\third_party\re2\util</Filter>
    </ClInclude>
    <ClInclude Include="third_party\re2\util\sparse_set.h">
      <Filter>Header Files\third_party\re2\util</Filter>
    </ClInclude>
    <ClInclude Include="third_party\re2\util\strutil.h">
      <Filter>Header Files\third_party\re2\util</Filter>
    </ClInclude>
    <ClInclude Include="third_party\re2\util\utf.h">
      <Filter>Header Files\third_party\re2\util</Filter>
    </ClInclude>
    <ClInclude Include="third_party\re2\util\util.h">
      <Filter>Header Files\third_party\re2\util</Filter>
    </ClInclude>
    <ClInclude Include="ui\renderer.h">
      <Filter>Header Files\ui</Filter>
    </ClInclude>
    <ClInclude Include="ui\controls\basic\button.h">
      <Filter>Header Files\ui\controls\basic</Filter>
    </ClInclude>
    <ClInclude Include="ui\controls\basic\decoratedscrollbar.h">
      <Filter>Header Files\ui\controls\basic</Filter>
    </ClInclude>
    <ClInclude Include="ui\controls\basic\label.h">
      <Filter>Header Files\ui\controls\basic</Filter>
    </ClInclude>
    <ClInclude Include="ui\controls\basic\scrollbar.h">
      <Filter>Header Files\ui\controls\basic</Filter>
    </ClInclude>
    <ClInclude Include="ui\controls\basic\splitter.h">
      <Filter>Header Files\ui\controls\basic</Filter>
    </ClInclude>
    <ClInclude Include="ui\controls\basic\togglebutton.h">
      <Filter>Header Files\ui\controls\basic</Filter>
    </ClInclude>
    <ClInclude Include="ui\controls\main\findtext.h">
      <Filter>Header Files\ui\controls\main</Filter>
    </ClInclude>
    <ClInclude Include="ui\controls\main\goto.h">
      <Filter>Header Files\ui\controls\main</Filter>
    </ClInclude>
    <ClInclude Include="ui\controls\main\projectexplorer.h">
      <Filter>Header Files\ui\controls\main</Filter>
    </ClInclude>
    <ClInclude Include="ui\controls\main\searchbox.h">
      <Filter>Header Files\ui\controls\main</Filter>
    </ClInclude>
    <ClInclude Include="ui\controls\main\statusbar.h">
      <Filter>Header Files\ui\controls\main</Filter>
    </ClInclude>
    <ClInclude Include="ui\controls\main\statusnotification.h">
      <Filter>Header Files\ui\controls\main</Filter>
    </ClInclude>
    <ClInclude Include="ui\controls\main\toolbar.h">
      <Filter>Header Files\ui\controls\main</Filter>
    </ClInclude>
    <ClInclude Include="ui\controls\textfield\basictextfield.h">
      <Filter>Header Files\ui\controls\textfield</Filter>
    </ClInclude>
    <ClInclude Include="ui\controls\textfield\simpletextfield.h">
      <Filter>Header Files\ui\controls\textfield</Filter>
    </ClInclude>
    <ClInclude Include="ui\controls\textfield\tabcontrol.h">
      <Filter>Header Files\ui\controls\textfield</Filter>
    </ClInclude>
    <ClInclude Include="ui\controls\textfield\textfield.h">
      <Filter>Header Files\ui\controls\textfield</Filter>
    </ClInclude>
    <ClInclude Include="ui\controls\textfield\textfieldcontainer.h">
      <Filter>Header Files\ui\controls\textfield</Filter>
    </ClInclude>
    <ClInclude Include="ui\controls\container.h">
      <Filter>Header Files\ui\controls</Filter>
    </ClInclude>
    <ClInclude Include="ui\controls\control.h">
      <Filter>Header Files\ui\controls</Filter>
    </ClInclude>
    <ClInclude Include="ui\controls\controlmanager.h">
      <Filter>Header Files\ui\controls</Filter>
    </ClInclude>
    <ClInclude Include="ui\controls\notification.h">
      <Filter>Header Files\ui\controls</Filter>
    </ClInclude>
    <ClInclude Include="utils\assert.h">
      <Filter>Header Files\utils</Filter>
    </ClInclude>
    <ClInclude Include="utils\logger.h">
      <Filter>Header Files\utils</Filter>
    </ClInclude>
    <ClInclude Include="utils\scheduler.h">
      <Filter>Header Files\utils</Filter>
    </ClInclude>
    <ClInclude Include="utils\thread.h">
      <Filter>Header Files\utils</Filter>
    </ClInclude>
    <ClInclude Include="utils\utils.h">
      <Filter>Header Files\utils</Filter>
    </ClInclude>
    <ClInclude Include="os\windows\dirent.h">
      <Filter>Header Files</Filter>
    </ClInclude>
    <ClInclude Include="os\windows\droptarget.h">
      <Filter>Header Files</Filter>
    </ClInclude>
    <ClInclude Include="os\windows\main.h">
      <Filter>Header Files</Filter>
    </ClInclude>
    <ClInclude Include="os\windows\windows_structs.h">
      <Filter>Header Files</Filter>
    </ClInclude>
    <ClInclude Include="os\windows\default-keybindings.h">
      <Filter>Header Files</Filter>
    </ClInclude>
    <ClInclude Include="files\searchindex.h">
      <Filter>Header Files\files</Filter>
    </ClInclude>
    <ClInclude Include="text\textview.h">
      <Filter>Header Files\text</Filter>
    </ClInclude>
    <ClInclude Include="settings\default-styles.h">
      <Filter>Header Files\settings</Filter>
    </ClInclude>
    <ClInclude Include="ui\controls\textfield\codecompletion.h">
      <Filter>Header Files\ui\controls\textfield</Filter>
    </ClInclude>
  </ItemGroup>
  <ItemGroup>
    <ClCompile Include="files\directory.cpp">
      <Filter>Source Files\files</Filter>
    </ClCompile>
    <ClCompile Include="files\file.cpp">
      <Filter>Source Files\files</Filter>
    </ClCompile>
    <ClCompile Include="files\filemanager.cpp">
      <Filter>Source Files\files</Filter>
    </ClCompile>
    <ClCompile Include="settings\globalsettings.cpp">
      <Filter>Source Files\settings</Filter>
    </ClCompile>
    <ClCompile Include="settings\keybindings.cpp">
      <Filter>Source Files\settings</Filter>
    </ClCompile>
    <ClCompile Include="settings\settings.cpp">
      <Filter>Source Files\settings</Filter>
    </ClCompile>
    <ClCompile Include="settings\style.cpp">
      <Filter>Source Files\settings</Filter>
    </ClCompile>
    <ClCompile Include="settings\workspace.cpp">
      <Filter>Source Files\settings</Filter>
    </ClCompile>
    <ClCompile Include="syntax\languages\c.cpp">
      <Filter>Source Files\syntax\languages</Filter>
    </ClCompile>
    <ClCompile Include="syntax\languages\findresults.cpp">
      <Filter>Source Files\syntax\languages</Filter>
    </ClCompile>
    <ClCompile Include="syntax\languages\keywords.cpp">
      <Filter>Source Files\syntax\languages</Filter>
    </ClCompile>
    <ClCompile Include="syntax\languages\xml.cpp">
      <Filter>Source Files\syntax\languages</Filter>
    </ClCompile>
    <ClCompile Include="syntax\language.cpp">
      <Filter>Source Files\syntax</Filter>
    </ClCompile>
    <ClCompile Include="syntax\syntaxhighlighter.cpp">
      <Filter>Source Files\syntax</Filter>
    </ClCompile>
    <ClCompile Include="testing\replaymanager.cpp">
      <Filter>Source Files\testing</Filter>
    </ClCompile>
    <ClCompile Include="text\cursor.cpp">
      <Filter>Source Files\text</Filter>
    </ClCompile>
    <ClCompile Include="text\encoding.cpp">
      <Filter>Source Files\text</Filter>
    </ClCompile>
    <ClCompile Include="text\findtextmanager.cpp">
      <Filter>Source Files\text</Filter>
    </ClCompile>
    <ClCompile Include="text\regex.cpp">
      <Filter>Source Files\text</Filter>
    </ClCompile>
    <ClCompile Include="text\text.cpp">
      <Filter>Source Files\text</Filter>
    </ClCompile>
    <ClCompile Include="text\textbuffer.cpp">
      <Filter>Source Files\text</Filter>
    </ClCompile>
    <ClCompile Include="text\textdelta.cpp">
      <Filter>Source Files\text</Filter>
    </ClCompile>
    <ClCompile Include="text\textfile.cpp">
      <Filter>Source Files\text</Filter>
    </ClCompile>
    <ClCompile Include="text\textiterator.cpp">
      <Filter>Source Files\text</Filter>
    </ClCompile>
    <ClCompile Include="text\textline.cpp">
      <Filter>Source Files\text</Filter>
    </ClCompile>
    <ClCompile Include="text\textposition.cpp">
      <Filter>Source Files\text</Filter>
    </ClCompile>
    <ClCompile Include="text\unicode.cpp">
      <Filter>Source Files\text</Filter>
    </ClCompile>
    <ClCompile Include="text\wrappedtextiterator.cpp">
      <Filter>Source Files\text</Filter>
    </ClCompile>
    <ClCompile Include="third_party\re2\re2\bitstate.cc">
      <Filter>Source Files\third_party\re2\re2</Filter>
    </ClCompile>
    <ClCompile Include="third_party\re2\re2\compile.cc">
      <Filter>Source Files\third_party\re2\re2</Filter>
    </ClCompile>
    <ClCompile Include="third_party\re2\re2\dfa.cc">
      <Filter>Source Files\third_party\re2\re2</Filter>
    </ClCompile>
    <ClCompile Include="third_party\re2\re2\filtered_re2.cc">
      <Filter>Source Files\third_party\re2\re2</Filter>
    </ClCompile>
    <ClCompile Include="third_party\re2\re2\mimics_pcre.cc">
      <Filter>Source Files\third_party\re2\re2</Filter>
    </ClCompile>
    <ClCompile Include="third_party\re2\re2\nfa.cc">
      <Filter>Source Files\third_party\re2\re2</Filter>
    </ClCompile>
    <ClCompile Include="third_party\re2\re2\onepass.cc">
      <Filter>Source Files\third_party\re2\re2</Filter>
    </ClCompile>
    <ClCompile Include="third_party\re2\re2\parse.cc">
      <Filter>Source Files\third_party\re2\re2</Filter>
    </ClCompile>
    <ClCompile Include="third_party\re2\re2\perl_groups.cc">
      <Filter>Source Files\third_party\re2\re2</Filter>
    </ClCompile>
    <ClCompile Include="third_party\re2\re2\prefilter.cc">
      <Filter>Source Files\third_party\re2\re2</Filter>
    </ClCompile>
    <ClCompile Include="third_party\re2\re2\prefilter_tree.cc">
      <Filter>Source Files\third_party\re2\re2</Filter>
    </ClCompile>
    <ClCompile Include="third_party\re2\re2\prog.cc">
      <Filter>Source Files\third_party\re2\re2</Filter>
    </ClCompile>
    <ClCompile Include="third_party\re2\re2\re2.cc">
      <Filter>Source Files\third_party\re2\re2</Filter>
    </ClCompile>
    <ClCompile Include="third_party\re2\re2\regexp.cc">
      <Filter>Source Files\third_party\re2\re2</Filter>
    </ClCompile>
    <ClCompile Include="third_party\re2\re2\set.cc">
      <Filter>Source Files\third_party\re2\re2</Filter>
    </ClCompile>
    <ClCompile Include="third_party\re2\re2\simplify.cc">
      <Filter>Source Files\third_party\re2\re2</Filter>
    </ClCompile>
    <ClCompile Include="third_party\re2\re2\stringpiece.cc">
      <Filter>Source Files\third_party\re2\re2</Filter>
    </ClCompile>
    <ClCompile Include="third_party\re2\re2\tostring.cc">
      <Filter>Source Files\third_party\re2\re2</Filter>
    </ClCompile>
    <ClCompile Include="third_party\re2\re2\unicode_casefold.cc">
      <Filter>Source Files\third_party\re2\re2</Filter>
    </ClCompile>
    <ClCompile Include="third_party\re2\re2\unicode_groups.cc">
      <Filter>Source Files\third_party\re2\re2</Filter>
    </ClCompile>
    <ClCompile Include="third_party\re2\util\rune.cc">
      <Filter>Source Files\third_party\re2\util</Filter>
    </ClCompile>
    <ClCompile Include="third_party\re2\util\strutil.cc">
      <Filter>Source Files\third_party\re2\util</Filter>
    </ClCompile>
    <ClCompile Include="ui\renderer.cpp">
      <Filter>Source Files\ui</Filter>
    </ClCompile>
    <ClCompile Include="ui\controls\basic\button.cpp">
      <Filter>Source Files\ui\controls\basic</Filter>
    </ClCompile>
    <ClCompile Include="ui\controls\basic\decoratedscrollbar.cpp">
      <Filter>Source Files\ui\controls\basic</Filter>
    </ClCompile>
    <ClCompile Include="ui\controls\basic\label.cpp">
      <Filter>Source Files\ui\controls\basic</Filter>
    </ClCompile>
    <ClCompile Include="ui\controls\basic\scrollbar.cpp">
      <Filter>Source Files\ui\controls\basic</Filter>
    </ClCompile>
    <ClCompile Include="ui\controls\basic\splitter.cpp">
      <Filter>Source Files\ui\controls\basic</Filter>
    </ClCompile>
    <ClCompile Include="ui\controls\basic\togglebutton.cpp">
      <Filter>Source Files\ui\controls\basic</Filter>
    </ClCompile>
    <ClCompile Include="ui\controls\main\findtext.cpp">
      <Filter>Source Files\ui\controls\main</Filter>
    </ClCompile>
    <ClCompile Include="ui\controls\main\goto.cpp">
      <Filter>Source Files\ui\controls\main</Filter>
    </ClCompile>
    <ClCompile Include="ui\controls\main\projectexplorer.cpp">
      <Filter>Source Files\ui\controls\main</Filter>
    </ClCompile>
    <ClCompile Include="ui\controls\main\searchbox.cpp">
      <Filter>Source Files\ui\controls\main</Filter>
    </ClCompile>
    <ClCompile Include="ui\controls\main\statusbar.cpp">
      <Filter>Source Files\ui\controls\main</Filter>
    </ClCompile>
    <ClCompile Include="ui\controls\main\statusnotification.cpp">
      <Filter>Source Files\ui\controls\main</Filter>
    </ClCompile>
    <ClCompile Include="ui\controls\main\toolbar.cpp">
      <Filter>Source Files\ui\controls\main</Filter>
    </ClCompile>
    <ClCompile Include="ui\controls\textfield\basictextfield.cpp">
      <Filter>Source Files\ui\controls\textfield</Filter>
    </ClCompile>
    <ClCompile Include="ui\controls\textfield\simpletextfield.cpp">
      <Filter>Source Files\ui\controls\textfield</Filter>
    </ClCompile>
    <ClCompile Include="ui\controls\textfield\tabcontrol.cpp">
      <Filter>Source Files\ui\controls\textfield</Filter>
    </ClCompile>
    <ClCompile Include="ui\controls\textfield\textfield.cpp">
      <Filter>Source Files\ui\controls\textfield</Filter>
    </ClCompile>
    <ClCompile Include="ui\controls\textfield\textfieldcontainer.cpp">
      <Filter>Source Files\ui\controls\textfield</Filter>
    </ClCompile>
    <ClCompile Include="utils\logger.cpp">
      <Filter>Source Files\utils</Filter>
    </ClCompile>
    <ClCompile Include="utils\scheduler.cpp">
      <Filter>Source Files\utils</Filter>
    </ClCompile>
    <ClCompile Include="utils\thread.cpp">
      <Filter>Source Files\utils</Filter>
    </ClCompile>
    <ClCompile Include="utils\utils.cpp">
      <Filter>Source Files\utils</Filter>
    </ClCompile>
    <ClCompile Include="os\windows\droptarget.cpp">
      <Filter>Source Files</Filter>
    </ClCompile>
    <ClCompile Include="os\windows\main.cpp">
      <Filter>Source Files</Filter>
    </ClCompile>
    <ClCompile Include="os\windows\mmap.cpp">
      <Filter>Source Files</Filter>
    </ClCompile>
    <ClCompile Include="ui\controls\container.cpp">
      <Filter>Source Files\ui\controls</Filter>
    </ClCompile>
    <ClCompile Include="ui\controls\control.cpp">
      <Filter>Source Files\ui\controls</Filter>
    </ClCompile>
    <ClCompile Include="ui\controls\controlmanager.cpp">
      <Filter>Source Files\ui\controls</Filter>
    </ClCompile>
    <ClCompile Include="ui\controls\notification.cpp">
      <Filter>Source Files\ui\controls</Filter>
    </ClCompile>
    <ClCompile Include="os\windowfunctions.cpp">
      <Filter>Source Files\os</Filter>
    </ClCompile>
    <ClCompile Include="files\searchindex.cpp">
      <Filter>Source Files\files</Filter>
    </ClCompile>
    <ClCompile Include="text\textview.cpp">
      <Filter>Source Files\text</Filter>
    </ClCompile>
    <ClCompile Include="ui\controls\textfield\codecompletion.cpp">
      <Filter>Source Files\ui\controls\textfield</Filter>
    </ClCompile>
  </ItemGroup>
  <ItemGroup>
    <None Include="rust\src\gitignore.rs">
      <Filter>Source Files\rust</Filter>
    </None>
    <None Include="rust\src\globs.rs">
      <Filter>Source Files\rust</Filter>
    </None>
    <None Include="rust\src\lib.rs">
      <Filter>Source Files\rust</Filter>
    </None>
  </ItemGroup>
</Project>