<?xml version="1.0" encoding="utf-8"?>
<Project ToolsVersion="4.0" xmlns="http://schemas.microsoft.com/developer/msbuild/2003">
  <ItemGroup>
    <Filter Include="Source Files">
      <UniqueIdentifier>{4FC737F1-C7A5-4376-A066-2A32D752A2FF}</UniqueIdentifier>
      <Extensions>cpp;c;cc;cxx;def;odl;idl;hpj;bat;asm;asmx</Extensions>
    </Filter>
    <Filter Include="Header Files">
      <UniqueIdentifier>{93995380-89BD-4b04-88EB-625FBE52EBFB}</UniqueIdentifier>
      <Extensions>h;hh;hpp;hxx;hm;inl;inc;xsd</Extensions>
    </Filter>
    <Filter Include="Resource Files">
      <UniqueIdentifier>{67DA6AB6-F800-4c08-8B7A-83BB121AAD01}</UniqueIdentifier>
      <Extensions>rc;ico;cur;bmp;dlg;rc2;rct;bin;rgs;gif;jpg;jpeg;jpe;resx;tiff;tif;png;wav;mfcribbon-ms</Extensions>
    </Filter>
    <Filter Include="Header Files\parsers">
      <UniqueIdentifier>{067b8bee-c5c5-4794-a02e-cfdb9b98ddd3}</UniqueIdentifier>
    </Filter>
    <Filter Include="Source Files\parsers">
      <UniqueIdentifier>{46a8d712-fb9d-445a-b840-be864689312b}</UniqueIdentifier>
    </Filter>
    <Filter Include="Header Files\libs">
      <UniqueIdentifier>{25aa54e9-de6a-42f8-b71c-533d895346bb}</UniqueIdentifier>
    </Filter>
    <Filter Include="Header Files\regex">
      <UniqueIdentifier>{bb73b4e1-324d-4dcd-9716-05c81b51a20e}</UniqueIdentifier>
    </Filter>
    <Filter Include="Source Files\regex">
      <UniqueIdentifier>{bd90b255-32b6-46df-bc6d-428d022cb9b3}</UniqueIdentifier>
    </Filter>
    <Filter Include="Source Files\rust">
      <UniqueIdentifier>{f8b63edf-af16-40db-b6a4-352ead811dd1}</UniqueIdentifier>
    </Filter>
    <Filter Include="Header Files\rust">
      <UniqueIdentifier>{87f0d99d-b976-4009-afbf-9781a5ce6250}</UniqueIdentifier>
    </Filter>
  </ItemGroup>
  <ItemGroup>
    <ClCompile Include="main.cpp">
      <Filter>Source Files</Filter>
    </ClCompile>
    <ClCompile Include="textfield.cpp">
      <Filter>Source Files</Filter>
    </ClCompile>
    <ClCompile Include="control.cpp">
      <Filter>Source Files</Filter>
    </ClCompile>
    <ClCompile Include="textfile.cpp">
      <Filter>Source Files</Filter>
    </ClCompile>
    <ClCompile Include="mmap.cpp">
      <Filter>Source Files</Filter>
    </ClCompile>
    <ClCompile Include="cursor.cpp">
      <Filter>Source Files</Filter>
    </ClCompile>
    <ClCompile Include="text.cpp">
      <Filter>Source Files</Filter>
    </ClCompile>
    <ClCompile Include="windowfunctions.cpp">
      <Filter>Source Files</Filter>
    </ClCompile>
    <ClCompile Include="logger.cpp">
      <Filter>Source Files</Filter>
    </ClCompile>
    <ClCompile Include="syntaxhighlighter.cpp">
      <Filter>Source Files</Filter>
    </ClCompile>
    <ClCompile Include="xml.cpp">
      <Filter>Source Files\parsers</Filter>
    </ClCompile>
    <ClCompile Include="thread.cpp">
      <Filter>Source Files</Filter>
    </ClCompile>
    <ClCompile Include="scheduler.cpp">
      <Filter>Source Files</Filter>
    </ClCompile>
    <ClCompile Include="keywords.cpp">
      <Filter>Source Files\parsers</Filter>
    </ClCompile>
    <ClCompile Include="c.cpp">
      <Filter>Source Files\parsers</Filter>
    </ClCompile>
    <ClCompile Include="file.cpp">
      <Filter>Source Files</Filter>
    </ClCompile>
    <ClCompile Include="renderer.cpp">
      <Filter>Source Files</Filter>
    </ClCompile>
    <ClCompile Include="filemanager.cpp">
      <Filter>Source Files</Filter>
    </ClCompile>
    <ClCompile Include="tabcontrol.cpp">
      <Filter>Source Files</Filter>
    </ClCompile>
    <ClCompile Include="controlmanager.cpp">
      <Filter>Source Files</Filter>
    </ClCompile>
    <ClCompile Include="utils.cpp">
      <Filter>Source Files</Filter>
    </ClCompile>
    <ClCompile Include="droptarget.cpp">
      <Filter>Source Files</Filter>
    </ClCompile>
    <ClCompile Include="container.cpp">
      <Filter>Source Files</Filter>
    </ClCompile>
    <ClCompile Include="unicode.cpp">
      <Filter>Source Files</Filter>
    </ClCompile>
    <ClCompile Include="encoding.cpp">
      <Filter>Source Files</Filter>
    </ClCompile>
    <ClCompile Include="statusbar.cpp">
      <Filter>Source Files</Filter>
    </ClCompile>
    <ClCompile Include="language.cpp">
      <Filter>Source Files</Filter>
    </ClCompile>
    <ClCompile Include="style.cpp">
      <Filter>Source Files</Filter>
    </ClCompile>
    <ClCompile Include="simpletextfield.cpp">
      <Filter>Source Files</Filter>
    </ClCompile>
    <ClCompile Include="basictextfield.cpp">
      <Filter>Source Files</Filter>
    </ClCompile>
    <ClCompile Include="button.cpp">
      <Filter>Source Files</Filter>
    </ClCompile>
    <ClCompile Include="scrollbar.cpp">
      <Filter>Source Files</Filter>
    </ClCompile>
    <ClCompile Include="findtext.cpp">
      <Filter>Source Files</Filter>
    </ClCompile>
    <ClCompile Include="togglebutton.cpp">
      <Filter>Source Files</Filter>
    </ClCompile>
    <ClCompile Include="regex.cpp">
      <Filter>Source Files</Filter>
    </ClCompile>
    <ClCompile Include="textbuffer.cpp">
      <Filter>Source Files</Filter>
    </ClCompile>
    <ClCompile Include="searchbox.cpp">
      <Filter>Source Files</Filter>
    </ClCompile>
    <ClCompile Include="wrappedtextiterator.cpp">
      <Filter>Source Files</Filter>
    </ClCompile>
    <ClCompile Include="settings.cpp">
      <Filter>Source Files</Filter>
    </ClCompile>
    <ClCompile Include="keybindings.cpp">
      <Filter>Source Files</Filter>
    </ClCompile>
    <ClCompile Include="notification.cpp">
      <Filter>Source Files</Filter>
    </ClCompile>
    <ClCompile Include="textiterator.cpp">
      <Filter>Source Files</Filter>
    </ClCompile>
    <ClCompile Include="textline.cpp">
      <Filter>Source Files</Filter>
    </ClCompile>
    <ClCompile Include="textdelta.cpp">
      <Filter>Source Files</Filter>
    </ClCompile>
    <ClCompile Include="workspace.cpp">
      <Filter>Source Files</Filter>
    </ClCompile>
    <ClCompile Include="projectexplorer.cpp">
      <Filter>Source Files</Filter>
    </ClCompile>
    <ClCompile Include="third_party\re2\re2\unicode_groups.cc">
      <Filter>Source Files\regex</Filter>
    </ClCompile>
    <ClCompile Include="third_party\re2\re2\unicode_casefold.cc">
      <Filter>Source Files\regex</Filter>
    </ClCompile>
    <ClCompile Include="third_party\re2\re2\tostring.cc">
      <Filter>Source Files\regex</Filter>
    </ClCompile>
    <ClCompile Include="third_party\re2\re2\stringpiece.cc">
      <Filter>Source Files\regex</Filter>
    </ClCompile>
    <ClCompile Include="third_party\re2\re2\simplify.cc">
      <Filter>Source Files\regex</Filter>
    </ClCompile>
    <ClCompile Include="third_party\re2\re2\set.cc">
      <Filter>Source Files\regex</Filter>
    </ClCompile>
    <ClCompile Include="third_party\re2\re2\regexp.cc">
      <Filter>Source Files\regex</Filter>
    </ClCompile>
    <ClCompile Include="third_party\re2\re2\re2.cc">
      <Filter>Source Files\regex</Filter>
    </ClCompile>
    <ClCompile Include="third_party\re2\re2\prog.cc">
      <Filter>Source Files\regex</Filter>
    </ClCompile>
    <ClCompile Include="third_party\re2\re2\prefilter_tree.cc">
      <Filter>Source Files\regex</Filter>
    </ClCompile>
    <ClCompile Include="third_party\re2\re2\prefilter.cc">
      <Filter>Source Files\regex</Filter>
    </ClCompile>
    <ClCompile Include="third_party\re2\re2\perl_groups.cc">
      <Filter>Source Files\regex</Filter>
    </ClCompile>
    <ClCompile Include="third_party\re2\re2\parse.cc">
      <Filter>Source Files\regex</Filter>
    </ClCompile>
    <ClCompile Include="third_party\re2\re2\onepass.cc">
      <Filter>Source Files\regex</Filter>
    </ClCompile>
    <ClCompile Include="third_party\re2\re2\nfa.cc">
      <Filter>Source Files\regex</Filter>
    </ClCompile>
    <ClCompile Include="third_party\re2\re2\mimics_pcre.cc">
      <Filter>Source Files\regex</Filter>
    </ClCompile>
    <ClCompile Include="third_party\re2\re2\filtered_re2.cc">
      <Filter>Source Files\regex</Filter>
    </ClCompile>
    <ClCompile Include="third_party\re2\re2\dfa.cc">
      <Filter>Source Files\regex</Filter>
    </ClCompile>
    <ClCompile Include="third_party\re2\re2\compile.cc">
      <Filter>Source Files\regex</Filter>
    </ClCompile>
    <ClCompile Include="third_party\re2\re2\bitstate.cc">
      <Filter>Source Files\regex</Filter>
    </ClCompile>
    <ClCompile Include="third_party\re2\util\rune.cc">
      <Filter>Source Files\regex</Filter>
    </ClCompile>
    <ClCompile Include="third_party\re2\util\strutil.cc">
      <Filter>Source Files\regex</Filter>
    </ClCompile>
    <ClCompile Include="textposition.cpp">
      <Filter>Source Files</Filter>
    </ClCompile>
    <ClCompile Include="testmain.cpp">
      <Filter>Source Files</Filter>
    </ClCompile>
    <ClCompile Include="tester.cpp">
      <Filter>Source Files</Filter>
    </ClCompile>
    <ClCompile Include="goto.cpp">
      <Filter>Source Files</Filter>
    </ClCompile>
    <ClCompile Include="directory.cpp">
      <Filter>Source Files</Filter>
    </ClCompile>
    <ClCompile Include="findresults.cpp">
      <Filter>Source Files\parsers</Filter>
    </ClCompile>
    <ClCompile Include="textfieldcontainer.cpp">
      <Filter>Source Files</Filter>
    </ClCompile>
    <ClCompile Include="splitter.cpp">
      <Filter>Source Files</Filter>
    </ClCompile>
    <ClCompile Include="globalsettings.cpp">
      <Filter>Source Files</Filter>
    </ClCompile>
    <ClCompile Include="toolbar.cpp">
      <Filter>Source Files</Filter>
    </ClCompile>
    <ClCompile Include="label.cpp">
      <Filter>Source Files</Filter>
    </ClCompile>
    <ClCompile Include="decoratedscrollbar.cpp">
      <Filter>Source Files</Filter>
    </ClCompile>
  </ItemGroup>
  <ItemGroup>
    <ClInclude Include="main.h">
      <Filter>Header Files</Filter>
    </ClInclude>
    <ClInclude Include="windowfunctions.h">
      <Filter>Header Files</Filter>
    </ClInclude>
    <ClInclude Include="textfield.h">
      <Filter>Header Files</Filter>
    </ClInclude>
    <ClInclude Include="control.h">
      <Filter>Header Files</Filter>
    </ClInclude>
    <ClInclude Include="textfile.h">
      <Filter>Header Files</Filter>
    </ClInclude>
    <ClInclude Include="mmap.h">
      <Filter>Header Files</Filter>
    </ClInclude>
    <ClInclude Include="utils.h">
      <Filter>Header Files</Filter>
    </ClInclude>
    <ClInclude Include="encoding.h">
      <Filter>Header Files</Filter>
    </ClInclude>
    <ClInclude Include="cursor.h">
      <Filter>Header Files</Filter>
    </ClInclude>
    <ClInclude Include="text.h">
      <Filter>Header Files</Filter>
    </ClInclude>
    <ClInclude Include="logger.h">
      <Filter>Header Files</Filter>
    </ClInclude>
    <ClInclude Include="syntaxhighlighter.h">
      <Filter>Header Files</Filter>
    </ClInclude>
    <ClInclude Include="xml.h">
      <Filter>Header Files\parsers</Filter>
    </ClInclude>
    <ClInclude Include="syntax.h">
      <Filter>Header Files</Filter>
    </ClInclude>
    <ClInclude Include="thread.h">
      <Filter>Header Files</Filter>
    </ClInclude>
    <ClInclude Include="scheduler.h">
      <Filter>Header Files</Filter>
    </ClInclude>
    <ClInclude Include="blockingconcurrentqueue.h">
      <Filter>Header Files\libs</Filter>
    </ClInclude>
    <ClInclude Include="concurrentqueue.h">
      <Filter>Header Files\libs</Filter>
    </ClInclude>
    <ClInclude Include="keywords.h">
      <Filter>Header Files\parsers</Filter>
    </ClInclude>
    <ClInclude Include="c.h">
      <Filter>Header Files\parsers</Filter>
    </ClInclude>
    <ClInclude Include="renderer.h">
      <Filter>Header Files</Filter>
    </ClInclude>
    <ClInclude Include="filemanager.h">
      <Filter>Header Files</Filter>
    </ClInclude>
    <ClInclude Include="tabcontrol.h">
      <Filter>Header Files</Filter>
    </ClInclude>
    <ClInclude Include="controlmanager.h">
      <Filter>Header Files</Filter>
    </ClInclude>
    <ClInclude Include="droptarget.h">
      <Filter>Header Files</Filter>
    </ClInclude>
    <ClInclude Include="container.h">
      <Filter>Header Files</Filter>
    </ClInclude>
    <ClInclude Include="unicode.h">
      <Filter>Header Files</Filter>
    </ClInclude>
    <ClInclude Include="statusbar.h">
      <Filter>Header Files</Filter>
    </ClInclude>
    <ClInclude Include="language.h">
      <Filter>Header Files</Filter>
    </ClInclude>
    <ClInclude Include="style.h">
      <Filter>Header Files</Filter>
    </ClInclude>
    <ClInclude Include="simpletextfield.h">
      <Filter>Header Files</Filter>
    </ClInclude>
    <ClInclude Include="basictextfield.h">
      <Filter>Header Files</Filter>
    </ClInclude>
    <ClInclude Include="button.h">
      <Filter>Header Files</Filter>
    </ClInclude>
    <ClInclude Include="findtext.h">
      <Filter>Header Files</Filter>
    </ClInclude>
    <ClInclude Include="togglebutton.h">
      <Filter>Header Files</Filter>
    </ClInclude>
    <ClInclude Include="regex.h">
      <Filter>Header Files</Filter>
    </ClInclude>
    <ClInclude Include="assert.h">
      <Filter>Header Files</Filter>
    </ClInclude>
    <ClInclude Include="windows_structs.h">
      <Filter>Header Files</Filter>
    </ClInclude>
    <ClInclude Include="searchbox.h">
      <Filter>Header Files</Filter>
    </ClInclude>
    <ClInclude Include="settings.h">
      <Filter>Header Files</Filter>
    </ClInclude>
    <ClInclude Include="wrappedtextiterator.h">
      <Filter>Header Files</Filter>
    </ClInclude>
    <ClInclude Include="textline.h">
      <Filter>Header Files</Filter>
    </ClInclude>
    <ClInclude Include="textiterator.h">
      <Filter>Header Files</Filter>
    </ClInclude>
    <ClInclude Include="workspace.h">
      <Filter>Header Files</Filter>
    </ClInclude>
    <ClInclude Include="json.h">
      <Filter>Header Files\libs</Filter>
    </ClInclude>
    <ClInclude Include="projectexplorer.h">
      <Filter>Header Files</Filter>
    </ClInclude>
    <ClInclude Include="dirent.h">
      <Filter>Header Files\libs</Filter>
    </ClInclude>
    <ClInclude Include="textdelta.h">
      <Filter>Header Files</Filter>
    </ClInclude>
    <ClInclude Include="textbuffer.h">
      <Filter>Header Files</Filter>
    </ClInclude>
    <ClInclude Include="third_party\re2\re2\re2.h">
      <Filter>Header Files\regex</Filter>
    </ClInclude>
    <ClInclude Include="third_party\re2\re2\stringpiece.h">
      <Filter>Header Files\regex</Filter>
    </ClInclude>
    <ClInclude Include="third_party\re2\re2\bitmap256.h">
      <Filter>Header Files\regex</Filter>
    </ClInclude>
    <ClInclude Include="third_party\re2\re2\filtered_re2.h">
      <Filter>Header Files\regex</Filter>
    </ClInclude>
    <ClInclude Include="third_party\re2\re2\prefilter.h">
      <Filter>Header Files\regex</Filter>
    </ClInclude>
    <ClInclude Include="third_party\re2\re2\prefilter_tree.h">
      <Filter>Header Files\regex</Filter>
    </ClInclude>
    <ClInclude Include="third_party\re2\re2\prog.h">
      <Filter>Header Files\regex</Filter>
    </ClInclude>
    <ClInclude Include="third_party\re2\re2\regexp.h">
      <Filter>Header Files\regex</Filter>
    </ClInclude>
    <ClInclude Include="third_party\re2\re2\set.h">
      <Filter>Header Files\regex</Filter>
    </ClInclude>
    <ClInclude Include="third_party\re2\re2\unicode_casefold.h">
      <Filter>Header Files\regex</Filter>
    </ClInclude>
    <ClInclude Include="third_party\re2\re2\unicode_groups.h">
      <Filter>Header Files\regex</Filter>
    </ClInclude>
    <ClInclude Include="third_party\re2\re2\walker-inl.h">
      <Filter>Header Files\regex</Filter>
    </ClInclude>
    <ClInclude Include="third_party\re2\util\flags.h">
      <Filter>Header Files\regex</Filter>
    </ClInclude>
    <ClInclude Include="third_party\re2\util\logging.h">
      <Filter>Header Files\regex</Filter>
    </ClInclude>
    <ClInclude Include="third_party\re2\util\strutil.h">
      <Filter>Header Files\regex</Filter>
    </ClInclude>
    <ClInclude Include="third_party\re2\util\utf.h">
      <Filter>Header Files\regex</Filter>
    </ClInclude>
    <ClInclude Include="third_party\re2\util\util.h">
      <Filter>Header Files\regex</Filter>
    </ClInclude>
    <ClInclude Include="third_party\re2\util\sparse_array.h">
      <Filter>Header Files\regex</Filter>
    </ClInclude>
    <ClInclude Include="third_party\re2\util\sparse_set.h">
      <Filter>Header Files\regex</Filter>
    </ClInclude>
    <ClInclude Include="third_party\re2\util\mutex.h">
      <Filter>Header Files\regex</Filter>
    </ClInclude>
    <ClInclude Include="third_party\re2\util\mix.h">
      <Filter>Header Files\regex</Filter>
    </ClInclude>
    <ClInclude Include="textposition.h">
      <Filter>Header Files</Filter>
    </ClInclude>
    <ClInclude Include="tester.h">
      <Filter>Header Files</Filter>
    </ClInclude>
    <ClInclude Include="goto.h">
      <Filter>Header Files</Filter>
    </ClInclude>
    <ClInclude Include="rust\include\rust\globset.h">
      <Filter>Header Files\rust</Filter>
    </ClInclude>
    <ClInclude Include="directory.h">
      <Filter>Header Files</Filter>
    </ClInclude>
    <ClInclude Include="findresults.h">
      <Filter>Header Files\parsers</Filter>
    </ClInclude>
    <ClInclude Include="rust\include\rust\gitignore.h">
      <Filter>Header Files\rust</Filter>
    </ClInclude>
    <ClInclude Include="notification.h">
      <Filter>Header Files</Filter>
    </ClInclude>
    <ClInclude Include="keybindings.h">
      <Filter>Header Files</Filter>
    </ClInclude>
    <ClInclude Include="textfieldcontainer.h">
      <Filter>Header Files</Filter>
    </ClInclude>
    <ClInclude Include="splitter.h">
      <Filter>Header Files</Filter>
    </ClInclude>
    <ClInclude Include="globalsettings.h">
      <Filter>Header Files</Filter>
    </ClInclude>
    <ClInclude Include="toolbar.h">
      <Filter>Header Files</Filter>
    </ClInclude>
    <ClInclude Include="label.h">
      <Filter>Header Files</Filter>
    </ClInclude>
    <ClInclude Include="decoratedscrollbar.h">
      <Filter>Header Files</Filter>
    </ClInclude>
    <ClInclude Include="scrollbar.h">
      <Filter>Header Files</Filter>
    </ClInclude>
  </ItemGroup>
  <ItemGroup>
    <Image Include="logo.ico">
      <Filter>Resource Files</Filter>
    </Image>
  </ItemGroup>
  <ItemGroup>
    <None Include="rust\src\globs.rs">
      <Filter>Source Files\rust</Filter>
    </None>
    <None Include="rust\src\lib.rs">
      <Filter>Source Files\rust</Filter>
    </None>
  </ItemGroup>
</Project>